{
  "lockfileVersion": 1,
  "configVersion": 1,
  "workspaces": {
    "": {
      "name": "weila-simple-index-page",
      "devDependencies": {
        "prettier": "^3.0.0",
        "simple-git-hooks": "^2.9.0",
      },
    },
  },
  "packages": {
    "prettier": ["prettier@3.7.1", "", { "bin": { "prettier": "bin/prettier.cjs" } }, "sha512-RWKXE4qB3u5Z6yz7omJkjWwmTfLdcbv44jUVHC5NpfXwFGzvpQM798FGv/6WNK879tc+Cn0AAyherCl1KjbyZQ=="],

    "simple-git-hooks": ["simple-git-hooks@2.13.1", "", { "bin": { "simple-git-hooks": "cli.js" } }, "sha512-WszCLXwT4h2k1ufIXAgsbiTOazqqevFCIncOuUBZJ91DdvWcC5+OFkluWRQPrcuSYd8fjq+o2y1QfWqYMoAToQ=="],
  }
}
